
Microsoft Visual Studio Solution File, Format Version 12.00
# Visual Studio Version 17
VisualStudioVersion = 17.11.35208.52
MinimumVisualStudioVersion = 10.0.40219.1
Project("{FAE04EC0-301F-11D3-BF4B-00C04F79EFBC}") = "TextBoxDemo", "TextBoxDemo\TextBoxDemo.csproj", "{7CEF5FDF-8181-4EA0-94CC-C01195095104}"
EndProject
Global
	GlobalSection(SolutionConfigurationPlatforms) = preSolution
		Debug|Any CPU = Debug|Any CPU
		Release|Any CPU = Release|Any CPU
	EndGlobalSection
	GlobalSection(ProjectConfigurationPlatforms) = postSolution
		{7CEF5FDF-8181-4EA0-94CC-C01195095104}.Debug|Any CPU.ActiveCfg = Debug|Any CPU
		{7CEF5FDF-8181-4EA0-94CC-C01195095104}.Debug|Any CPU.Build.0 = Debug|Any CPU
		{7CEF5FDF-8181-4EA0-94CC-C01195095104}.Release|Any CPU.ActiveCfg = Release|Any CPU
		{7CEF5FDF-8181-4EA0-94CC-C01195095104}.Release|Any CPU.Build.0 = Release|Any CPU
	EndGlobalSection
	GlobalSection(SolutionProperties) = preSolution
		HideSolutionNode = FALSE
	EndGlobalSection
	GlobalSection(ExtensibilityGlobals) = postSolution
		SolutionGuid = {53CF7C6D-65F4-4ACD-AB15-2C62EBB75C25}
	EndGlobalSection
EndGlobal
