
Microsoft Visual Studio Solution File, Format Version 12.00
# Visual Studio Version 17
VisualStudioVersion = 17.11.35208.52
MinimumVisualStudioVersion = 10.0.40219.1
Project("{FAE04EC0-301F-11D3-BF4B-00C04F79EFBC}") = "Tutorial3_1", "Tutorial3_1\Tutorial3_1.csproj", "{11224071-C096-44E4-AC8B-3BE50D5CAF1B}"
EndProject
Global
	GlobalSection(SolutionConfigurationPlatforms) = preSolution
		Debug|Any CPU = Debug|Any CPU
		Release|Any CPU = Release|Any CPU
	EndGlobalSection
	GlobalSection(ProjectConfigurationPlatforms) = postSolution
		{11224071-C096-44E4-AC8B-3BE50D5CAF1B}.Debug|Any CPU.ActiveCfg = Debug|Any CPU
		{11224071-C096-44E4-AC8B-3BE50D5CAF1B}.Debug|Any CPU.Build.0 = Debug|Any CPU
		{11224071-C096-44E4-AC8B-3BE50D5CAF1B}.Release|Any CPU.ActiveCfg = Release|Any CPU
		{11224071-C096-44E4-AC8B-3BE50D5CAF1B}.Release|Any CPU.Build.0 = Release|Any CPU
	EndGlobalSection
	GlobalSection(SolutionProperties) = preSolution
		HideSolutionNode = FALSE
	EndGlobalSection
	GlobalSection(ExtensibilityGlobals) = postSolution
		SolutionGuid = {C60DA7F9-0C28-4E14-8F2C-8133D47115F2}
	EndGlobalSection
EndGlobal
