
Microsoft Visual Studio Solution File, Format Version 12.00
# Visual Studio Version 17
VisualStudioVersion = 17.11.35208.52
MinimumVisualStudioVersion = 10.0.40219.1
Project("{FAE04EC0-301F-11D3-BF4B-00C04F79EFBC}") = "Tutorial3_2", "Tutorial3_2\Tutorial3_2.csproj", "{EDE8B28D-2C83-4C29-811E-318F90E47C36}"
EndProject
Global
	GlobalSection(SolutionConfigurationPlatforms) = preSolution
		Debug|Any CPU = Debug|Any CPU
		Release|Any CPU = Release|Any CPU
	EndGlobalSection
	GlobalSection(ProjectConfigurationPlatforms) = postSolution
		{EDE8B28D-2C83-4C29-811E-318F90E47C36}.Debug|Any CPU.ActiveCfg = Debug|Any CPU
		{EDE8B28D-2C83-4C29-811E-318F90E47C36}.Debug|Any CPU.Build.0 = Debug|Any CPU
		{EDE8B28D-2C83-4C29-811E-318F90E47C36}.Release|Any CPU.ActiveCfg = Release|Any CPU
		{EDE8B28D-2C83-4C29-811E-318F90E47C36}.Release|Any CPU.Build.0 = Release|Any CPU
	EndGlobalSection
	GlobalSection(SolutionProperties) = preSolution
		HideSolutionNode = FALSE
	EndGlobalSection
	GlobalSection(ExtensibilityGlobals) = postSolution
		SolutionGuid = {57BFA1D9-C131-4130-BA31-68D283E5DFDF}
	EndGlobalSection
EndGlobal
